
Microsoft Visual Studio Solution File, Format Version 12.00
# Visual Studio Version 17
VisualStudioVersion = 17.7.34302.85
MinimumVisualStudioVersion = 10.0.40219.1
Project("{FAE04EC0-301F-11D3-BF4B-00C04F79EFBC}") = "Funcionario", "Funcionario\Funcionario.csproj", "{BD12A4B1-D9DF-4AA0-BC91-593DE495BAEB}"
EndProject
Global
	GlobalSection(SolutionConfigurationPlatforms) = preSolution
		Debug|Any CPU = Debug|Any CPU
		Release|Any CPU = Release|Any CPU
	EndGlobalSection
	GlobalSection(ProjectConfigurationPlatforms) = postSolution
		{BD12A4B1-D9DF-4AA0-BC91-593DE495BAEB}.Debug|Any CPU.ActiveCfg = Debug|Any CPU
		{BD12A4B1-D9DF-4AA0-BC91-593DE495BAEB}.Debug|Any CPU.Build.0 = Debug|Any CPU
		{BD12A4B1-D9DF-4AA0-BC91-593DE495BAEB}.Release|Any CPU.ActiveCfg = Release|Any CPU
		{BD12A4B1-D9DF-4AA0-BC91-593DE495BAEB}.Release|Any CPU.Build.0 = Release|Any CPU
	EndGlobalSection
	GlobalSection(SolutionProperties) = preSolution
		HideSolutionNode = FALSE
	EndGlobalSection
	GlobalSection(ExtensibilityGlobals) = postSolution
		SolutionGuid = {8C8B9CE6-9374-4668-8A6A-72D534750489}
	EndGlobalSection
EndGlobal
